// !$*UTF8*$!
{
	archiveVersion = 1;
	classes = {
	};
	objectVersion = 50;
	objects = {

/* Begin PBXBuildFile section */
		3D82E3F520D07418008DD653 /* AppDelegate.swift in Sources */ = {isa = PBXBuildFile; fileRef = 3D82E3F420D07418008DD653 /* AppDelegate.swift */; };
		3D82E3F720D07418008DD653 /* ViewController.swift in Sources */ = {isa = PBXBuildFile; fileRef = 3D82E3F620D07418008DD653 /* ViewController.swift */; };
		3D82E3FA20D07418008DD653 /* Main.storyboard in Resources */ = {isa = PBXBuildFile; fileRef = 3D82E3F820D07418008DD653 /* Main.storyboard */; };
		3D82E3FD20D07418008DD653 /* Celebrity_Map.xcdatamodeld in Sources */ = {isa = PBXBuildFile; fileRef = 3D82E3FB20D07418008DD653 /* Celebrity_Map.xcdatamodeld */; };
		3D82E3FF20D0741A008DD653 /* Assets.xcassets in Resources */ = {isa = PBXBuildFile; fileRef = 3D82E3FE20D0741A008DD653 /* Assets.xcassets */; };
		3D82E40220D0741A008DD653 /* LaunchScreen.storyboard in Resources */ = {isa = PBXBuildFile; fileRef = 3D82E40020D0741A008DD653 /* LaunchScreen.storyboard */; };
/* End PBXBuildFile section */

/* Begin PBXFileReference section */
		3D82E3F120D07418008DD653 /* Celebrity Map.app */ = {isa = PBXFileReference; explicitFileType = wrapper.application; includeInIndex = 0; path = "Celebrity Map.app"; sourceTree = BUILT_PRODUCTS_DIR; };
		3D82E3F420D07418008DD653 /* AppDelegate.swift */ = {isa = PBXFileReference; lastKnownFileType = sourcecode.swift; path = AppDelegate.swift; sourceTree = "<group>"; };
		3D82E3F620D07418008DD653 /* ViewController.swift */ = {isa = PBXFileReference; lastKnownFileType = sourcecode.swift; path = ViewController.swift; sourceTree = "<group>"; };
		3D82E3F920D07418008DD653 /* Base */ = {isa = PBXFileReference; lastKnownFileType = file.storyboard; name = Base; path = Base.lproj/Main.storyboard; sourceTree = "<group>"; };
		3D82E3FC20D07418008DD653 /* Celebrity_Map.xcdatamodel */ = {isa = PBXFileReference; lastKnownFileType = wrapper.xcdatamodel; path = Celebrity_Map.xcdatamodel; sourceTree = "<group>"; };
		3D82E3FE20D0741A008DD653 /* Assets.xcassets */ = {isa = PBXFileReference; lastKnownFileType = folder.assetcatalog; path = Assets.xcassets; sourceTree = "<group>"; };
		3D82E40120D0741A008DD653 /* Base */ = {isa = PBXFileReference; lastKnownFileType = file.storyboard; name = Base; path = Base.lproj/LaunchScreen.storyboard; sourceTree = "<group>"; };
		3D82E40320D0741A008DD653 /* Info.plist */ = {isa = PBXFileReference; lastKnownFileType = text.plist.xml; path = Info.plist; sourceTree = "<group>"; };
/* End PBXFileReference section */

/* Begin PBXFrameworksBuildPhase section */
		3D82E3EE20D07418008DD653 /* Frameworks */ = {
			isa = PBXFrameworksBuildPhase;
			buildActionMask = 2147483647;
			files = (
			);
			runOnlyForDeploymentPostprocessing = 0;
		};
/* End PBXFrameworksBuildPhase section */

/* Begin PBXGroup section */
		3D82E3E820D07418008DD653 = {
			isa = PBXGroup;
			children = (
				3D82E3F320D07418008DD653 /* Celebrity Map */,
				3D82E3F220D07418008DD653 /* Products */,
			);
			sourceTree = "<group>";
		};
		3D82E3F220D07418008DD653 /* Products */ = {
			isa = PBXGroup;
			children = (
				3D82E3F120D07418008DD653 /* Celebrity Map.app */,
			);
			name = Products;
			sourceTree = "<group>";
		};
		3D82E3F320D07418008DD653 /* Celebrity Map */ = {
			isa = PBXGroup;
			children = (
				3D82E3F420D07418008DD653 /* AppDelegate.swift */,
				3D82E3F620D07418008DD653 /* ViewController.swift */,
				3D82E3F820D07418008DD653 /* Main.storyboard */,
				3D82E3FE20D0741A008DD653 /* Assets.xcassets */,
				3D82E40020D0741A008DD653 /* LaunchScreen.storyboard */,
				3D82E40320D0741A008DD653 /* Info.plist */,
				3D82E3FB20D07418008DD653 /* Celebrity_Map.xcdatamodeld */,
			);
			path = "Celebrity Map";
			sourceTree = "<group>";
		};
/* End PBXGroup section */

/* Begin PBXNativeTarget section */
		3D82E3F020D07418008DD653 /* Celebrity Map */ = {
			isa = PBXNativeTarget;
			buildConfigurationList = 3D82E40620D0741A008DD653 /* Build configuration list for PBXNativeTarget "Celebrity Map" */;
			buildPhases = (
				3D82E3ED20D07418008DD653 /* Sources */,
				3D82E3EE20D07418008DD653 /* Frameworks */,
				3D82E3EF20D07418008DD653 /* Resources */,
			);
			buildRules = (
			);
			dependencies = (
			);
			name = "Celebrity Map";
			productName = "Celebrity Map";
			productReference = 3D82E3F120D07418008DD653 /* Celebrity Map.app */;
			productType = "com.apple.product-type.application";
		};
/* End PBXNativeTarget section */

/* Begin PBXProject section */
		3D82E3E920D07418008DD653 /* Project object */ = {
			isa = PBXProject;
			attributes = {
				LastSwiftUpdateCheck = 0930;
				LastUpgradeCheck = 0930;
				ORGANIZATIONNAME = "Yinpeng Chen";
				TargetAttributes = {
					3D82E3F020D07418008DD653 = {
						CreatedOnToolsVersion = 9.3;
					};
				};
			};
			buildConfigurationList = 3D82E3EC20D07418008DD653 /* Build configuration list for PBXProject "Celebrity Map" */;
			compatibilityVersion = "Xcode 9.3";
			developmentRegion = en;
			hasScannedForEncodings = 0;
			knownRegions = (
				en,
				Base,
			);
			mainGroup = 3D82E3E820D07418008DD653;
			productRefGroup = 3D82E3F220D07418008DD653 /* Products */;
			projectDirPath = "";
			projectRoot = "";
			targets = (
				3D82E3F020D07418008DD653 /* Celebrity Map */,
			);
		};
/* End PBXProject section */

/* Begin PBXResourcesBuildPhase section */
		3D82E3EF20D07418008DD653 /* Resources */ = {
			isa = PBXResourcesBuildPhase;
			buildActionMask = 2147483647;
			files = (
				3D82E40220D0741A008DD653 /* LaunchScreen.storyboard in Resources */,
				3D82E3FF20D0741A008DD653 /* Assets.xcassets in Resources */,
				3D82E3FA20D07418008DD653 /* Main.storyboard in Resources */,
			);
			runOnlyForDeploymentPostprocessing = 0;
		};
/* End PBXResourcesBuildPhase section */

/* Begin PBXSourcesBuildPhase section */
		3D82E3ED20D07418008DD653 /* Sources */ = {
			isa = PBXSourcesBuildPhase;
			buildActionMask = 2147483647;
			files = (
				3D82E3F720D07418008DD653 /* ViewController.swift in Sources */,
				3D82E3F520D07418008DD653 /* AppDelegate.swift in Sources */,
				3D82E3FD20D07418008DD653 /* Celebrity_Map.xcdatamodeld in Sources */,
			);
			runOnlyForDeploymentPostprocessing = 0;
		};
/* End PBXSourcesBuildPhase section */

/* Begin PBXVariantGroup section */
		3D82E3F820D07418008DD653 /* Main.storyboard */ = {
			isa = PBXVariantGroup;
			children = (
				3D82E3F920D07418008DD653 /* Base */,
			);
			name = Main.storyboard;
			sourceTree = "<group>";
		};
		3D82E40020D0741A008DD653 /* LaunchScreen.storyboard */ = {
			isa = PBXVariantGroup;
			children = (
				3D82E40120D0741A008DD653 /* Base */,
			);
			name = LaunchScreen.storyboard;
			sourceTree = "<group>";
		};
/* End PBXVariantGroup section */

/* Begin XCBuildConfiguration section */
		3D82E40420D0741A008DD653 /* Debug */ = {
			isa = XCBuildConfiguration;
			buildSettings = {
				ALWAYS_SEARCH_USER_PATHS = NO;
				CLANG_ANALYZER_NONNULL = YES;
				CLANG_ANALYZER_NUMBER_OBJECT_CONVERSION = YES_AGGRESSIVE;
				CLANG_CXX_LANGUAGE_STANDARD = "gnu++14";
				CLANG_CXX_LIBRARY = "libc++";
				CLANG_ENABLE_MODULES = YES;
				CLANG_ENABLE_OBJC_ARC = YES;
				CLANG_ENABLE_OBJC_WEAK = YES;
				CLANG_WARN_BLOCK_CAPTURE_AUTORELEASING = YES;
				CLANG_WARN_BOOL_CONVERSION = YES;
				CLANG_WARN_COMMA = YES;
				CLANG_WARN_CONSTANT_CONVERSION = YES;
				CLANG_WARN_DEPRECATED_OBJC_IMPLEMENTATIONS = YES;
				CLANG_WARN_DIRECT_OBJC_ISA_USAGE = YES_ERROR;
				CLANG_WARN_DOCUMENTATION_COMMENTS = YES;
				CLANG_WARN_EMPTY_BODY = YES;
				CLANG_WARN_ENUM_CONVERSION = YES;
				CLANG_WARN_INFINITE_RECURSION = YES;
				CLANG_WARN_INT_CONVERSION = YES;
				CLANG_WARN_NON_LITERAL_NULL_CONVERSION = YES;
				CLANG_WARN_OBJC_IMPLICIT_RETAIN_SELF = YES;
				CLANG_WARN_OBJC_LITERAL_CONVERSION = YES;
				CLANG_WARN_OBJC_ROOT_CLASS = YES_ERROR;
				CLANG_WARN_RANGE_LOOP_ANALYSIS = YES;
				CLANG_WARN_STRICT_PROTOTYPES = YES;
				CLANG_WARN_SUSPICIOUS_MOVE = YES;
				CLANG_WARN_UNGUARDED_AVAILABILITY = YES_AGGRESSIVE;
				CLANG_WARN_UNREACHABLE_CODE = YES;
				CLANG_WARN__DUPLICATE_METHOD_MATCH = YES;
				CODE_SIGN_IDENTITY = "iPhone Developer";
				COPY_PHASE_STRIP = NO;
				DEBUG_INFORMATION_FORMAT = dwarf;
				ENABLE_STRICT_OBJC_MSGSEND = YES;
				ENABLE_TESTABILITY = YES;
				GCC_C_LANGUAGE_STANDARD = gnu11;
				GCC_DYNAMIC_NO_PIC = NO;
				GCC_NO_COMMON_BLOCKS = YES;
				GCC_OPTIMIZATION_LEVEL = 0;
				GCC_PREPROCESSOR_DEFINITIONS = (
					"DEBUG=1",
					"$(inherited)",
				);
				GCC_WARN_64_TO_32_BIT_CONVERSION = YES;
				GCC_WARN_ABOUT_RETURN_TYPE = YES_ERROR;
				GCC_WARN_UNDECLARED_SELECTOR = YES;
				GCC_WARN_UNINITIALIZED_AUTOS = YES_AGGRESSIVE;
				GCC_WARN_UNUSED_FUNCTION = YES;
				GCC_WARN_UNUSED_VARIABLE = YES;
				IPHONEOS_DEPLOYMENT_TARGET = 11.3;
				MTL_ENABLE_DEBUG_INFO = YES;
				ONLY_ACTIVE_ARCH = YES;
				SDKROOT = iphoneos;
				SWIFT_ACTIVE_COMPILATION_CONDITIONS = DEBUG;
				SWIFT_OPTIMIZATION_LEVEL = "-Onone";
			};
			name = Debug;
		};
		3D82E40520D0741A008DD653 /* Release */ = {
			isa = XCBuildConfiguration;
			buildSettings = {
				ALWAYS_SEARCH_USER_PATHS = NO;
				CLANG_ANALYZER_NONNULL = YES;
				CLANG_ANALYZER_NUMBER_OBJECT_CONVERSION = YES_AGGRESSIVE;
				CLANG_CXX_LANGUAGE_STANDARD = "gnu++14";
				CLANG_CXX_LIBRARY = "libc++";
				CLANG_ENABLE_MODULES = YES;
				CLANG_ENABLE_OBJC_ARC = YES;
				CLANG_ENABLE_OBJC_WEAK = YES;
				CLANG_WARN_BLOCK_CAPTURE_AUTORELEASING = YES;
				CLANG_WARN_BOOL_CONVERSION = YES;
				CLANG_WARN_COMMA = YES;
				CLANG_WARN_CONSTANT_CONVERSION = YES;
				CLANG_WARN_DEPRECATED_OBJC_IMPLEMENTATIONS = YES;
				CLANG_WARN_DIRECT_OBJC_ISA_USAGE = YES_ERROR;
				CLANG_WARN_DOCUMENTATION_COMMENTS = YES;
				CLANG_WARN_EMPTY_BODY = YES;
				CLANG_WARN_ENUM_CONVERSION = YES;
				CLANG_WARN_INFINITE_RECURSION = YES;
				CLANG_WARN_INT_CONVERSION = YES;
				CLANG_WARN_NON_LITERAL_NULL_CONVERSION = YES;
				CLANG_WARN_OBJC_IMPLICIT_RETAIN_SELF = YES;
				CLANG_WARN_OBJC_LITERAL_CONVERSION = YES;
				CLANG_WARN_OBJC_ROOT_CLASS = YES_ERROR;
				CLANG_WARN_RANGE_LOOP_ANALYSIS = YES;
				CLANG_WARN_STRICT_PROTOTYPES = YES;
				CLANG_WARN_SUSPICIOUS_MOVE = YES;
				CLANG_WARN_UNGUARDED_AVAILABILITY = YES_AGGRESSIVE;
				CLANG_WARN_UNREACHABLE_CODE = YES;
				CLANG_WARN__DUPLICATE_METHOD_MATCH = YES;
				CODE_SIGN_IDENTITY = "iPhone Developer";
				COPY_PHASE_STRIP = NO;
				DEBUG_INFORMATION_FORMAT = "dwarf-with-dsym";
				ENABLE_NS_ASSERTIONS = NO;
				ENABLE_STRICT_OBJC_MSGSEND = YES;
				GCC_C_LANGUAGE_STANDARD = gnu11;
				GCC_NO_COMMON_BLOCKS = YES;
				GCC_WARN_64_TO_32_BIT_CONVERSION = YES;
				GCC_WARN_ABOUT_RETURN_TYPE = YES_ERROR;
				GCC_WARN_UNDECLARED_SELECTOR = YES;
				GCC_WARN_UNINITIALIZED_AUTOS = YES_AGGRESSIVE;
				GCC_WARN_UNUSED_FUNCTION = YES;
				GCC_WARN_UNUSED_VARIABLE = YES;
				IPHONEOS_DEPLOYMENT_TARGET = 11.3;
				MTL_ENABLE_DEBUG_INFO = NO;
				SDKROOT = iphoneos;
				SWIFT_COMPILATION_MODE = wholemodule;
				SWIFT_OPTIMIZATION_LEVEL = "-O";
				VALIDATE_PRODUCT = YES;
			};
			name = Release;
		};
		3D82E40720D0741A008DD653 /* Debug */ = {
			isa = XCBuildConfiguration;
			buildSettings = {
				ASSETCATALOG_COMPILER_APPICON_NAME = AppIcon;
				CODE_SIGN_STYLE = Automatic;
				DEVELOPMENT_TEAM = 7WT85VGQ9M;
				INFOPLIST_FILE = "Celebrity Map/Info.plist";
				LD_RUNPATH_SEARCH_PATHS = (
					"$(inherited)",
					"@executable_path/Frameworks",
				);
				PRODUCT_BUNDLE_IDENTIFIER = "com.yinpeng.Celebrity-Map";
				PRODUCT_NAME = "$(TARGET_NAME)";
				SWIFT_VERSION = 4.0;
				TARGETED_DEVICE_FAMILY = "1,2";
			};
			name = Debug;
		};
		3D82E40820D0741A008DD653 /* Release */ = {
			isa = XCBuildConfiguration;
			buildSettings = {
				ASSETCATALOG_COMPILER_APPICON_NAME = AppIcon;
				CODE_SIGN_STYLE = Automatic;
				DEVELOPMENT_TEAM = 7WT85VGQ9M;
				INFOPLIST_FILE = "Celebrity Map/Info.plist";
				LD_RUNPATH_SEARCH_PATHS = (
					"$(inherited)",
					"@executable_path/Frameworks",
				);
				PRODUCT_BUNDLE_IDENTIFIER = "com.yinpeng.Celebrity-Map";
				PRODUCT_NAME = "$(TARGET_NAME)";
				SWIFT_VERSION = 4.0;
				TARGETED_DEVICE_FAMILY = "1,2";
			};
			name = Release;
		};
/* End XCBuildConfiguration section */

/* Begin XCConfigurationList section */
		3D82E3EC20D07418008DD653 /* Build configuration list for PBXProject "Celebrity Map" */ = {
			isa = XCConfigurationList;
			buildConfigurations = (
				3D82E40420D0741A008DD653 /* Debug */,
				3D82E40520D0741A008DD653 /* Release */,
			);
			defaultConfigurationIsVisible = 0;
			defaultConfigurationName = Release;
		};
		3D82E40620D0741A008DD653 /* Build configuration list for PBXNativeTarget "Celebrity Map" */ = {
			isa = XCConfigurationList;
			buildConfigurations = (
				3D82E40720D0741A008DD653 /* Debug */,
				3D82E40820D0741A008DD653 /* Release */,
			);
			defaultConfigurationIsVisible = 0;
			defaultConfigurationName = Release;
		};
/* End XCConfigurationList section */

/* Begin XCVersionGroup section */
		3D82E3FB20D07418008DD653 /* Celebrity_Map.xcdatamodeld */ = {
			isa = XCVersionGroup;
			children = (
				3D82E3FC20D07418008DD653 /* Celebrity_Map.xcdatamodel */,
			);
			currentVersion = 3D82E3FC20D07418008DD653 /* Celebrity_Map.xcdatamodel */;
			path = Celebrity_Map.xcdatamodeld;
			sourceTree = "<group>";
			versionGroupType = wrapper.xcdatamodel;
		};
/* End XCVersionGroup section */
	};
	rootObject = 3D82E3E920D07418008DD653 /* Project object */;
}
