// !$*UTF8*$!
{
	archiveVersion = 1;
	classes = {
	};
	objectVersion = 50;
	objects = {

/* Begin PBXBuildFile section */
		3D3681AA20D20ABA00FF5920 /* GoogleService-Info.plist in Resources */ = {isa = PBXBuildFile; fileRef = 3D3681A920D20ABA00FF5920 /* GoogleService-Info.plist */; };
		3D3A4BD420DF0DE000D68DDA /* mapRect.swift in Sources */ = {isa = PBXBuildFile; fileRef = 3D3A4BD320DF0DE000D68DDA /* mapRect.swift */; };
		3D3A4BD620DF333E00D68DDA /* reportView.swift in Sources */ = {isa = PBXBuildFile; fileRef = 3D3A4BD520DF333E00D68DDA /* reportView.swift */; };
		3D579B9320D2CE69009B970C /* SubmitViewController.swift in Sources */ = {isa = PBXBuildFile; fileRef = 3D579B9220D2CE69009B970C /* SubmitViewController.swift */; };
		3D59678A20DAB5B3002386BB /* WebViewController.swift in Sources */ = {isa = PBXBuildFile; fileRef = 3D59678920DAB5B3002386BB /* WebViewController.swift */; };
		3D59679020DE92FC002386BB /* viewforcelebrityAnnotation.swift in Sources */ = {isa = PBXBuildFile; fileRef = 3D59678F20DE92FC002386BB /* viewforcelebrityAnnotation.swift */; };
		3D6488FC20D097D100E9B886 /* ButtonClicked.swift in Sources */ = {isa = PBXBuildFile; fileRef = 3D6488FB20D097D100E9B886 /* ButtonClicked.swift */; };
		3D6488FE20D09E9F00E9B886 /* Celebrity.swift in Sources */ = {isa = PBXBuildFile; fileRef = 3D6488FD20D09E9F00E9B886 /* Celebrity.swift */; };
		3D67288920D5EEB3004B610D /* Main.storyboard in Resources */ = {isa = PBXBuildFile; fileRef = 3D67288820D5EEB3004B610D /* Main.storyboard */; };
		3D67288B20D68A82004B610D /* BotFrame.swift in Sources */ = {isa = PBXBuildFile; fileRef = 3D67288A20D68A82004B610D /* BotFrame.swift */; };
		3D67288D20D73102004B610D /* notificationView.swift in Sources */ = {isa = PBXBuildFile; fileRef = 3D67288C20D73102004B610D /* notificationView.swift */; };
		3D67288F20D840E0004B610D /* notifyEntry.swift in Sources */ = {isa = PBXBuildFile; fileRef = 3D67288E20D840E0004B610D /* notifyEntry.swift */; };
		3D67289120D87F96004B610D /* ShareView.swift in Sources */ = {isa = PBXBuildFile; fileRef = 3D67289020D87F96004B610D /* ShareView.swift */; };
		3D67289320D977B7004B610D /* UIColor.swift in Sources */ = {isa = PBXBuildFile; fileRef = 3D67289220D977B7004B610D /* UIColor.swift */; };
		3D70D2A820D589C400229C1E /* MenuBtnView.swift in Sources */ = {isa = PBXBuildFile; fileRef = 3D70D2A720D589C300229C1E /* MenuBtnView.swift */; };
		3D82E3F520D07418008DD653 /* AppDelegate.swift in Sources */ = {isa = PBXBuildFile; fileRef = 3D82E3F420D07418008DD653 /* AppDelegate.swift */; };
		3D82E3F720D07418008DD653 /* WelcomeViewController.swift in Sources */ = {isa = PBXBuildFile; fileRef = 3D82E3F620D07418008DD653 /* WelcomeViewController.swift */; };
		3D82E3FD20D07418008DD653 /* Celebrity_Map.xcdatamodeld in Sources */ = {isa = PBXBuildFile; fileRef = 3D82E3FB20D07418008DD653 /* Celebrity_Map.xcdatamodeld */; };
		3D82E3FF20D0741A008DD653 /* Assets.xcassets in Resources */ = {isa = PBXBuildFile; fileRef = 3D82E3FE20D0741A008DD653 /* Assets.xcassets */; };
		3D82E40220D0741A008DD653 /* LaunchScreen.storyboard in Resources */ = {isa = PBXBuildFile; fileRef = 3D82E40020D0741A008DD653 /* LaunchScreen.storyboard */; };
		3D82E40E20D07A1C008DD653 /* MapKit.framework in Frameworks */ = {isa = PBXBuildFile; fileRef = 3D82E40D20D07A1C008DD653 /* MapKit.framework */; };
		3D82E41020D07B3C008DD653 /* CoreLocation.framework in Frameworks */ = {isa = PBXBuildFile; fileRef = 3D82E40F20D07B3C008DD653 /* CoreLocation.framework */; };
		F93F37965A4C06FB9CF56D9A /* Pods_Celebrity_Map.framework in Frameworks */ = {isa = PBXBuildFile; fileRef = A8AB3DA0772F5D479AE7CE79 /* Pods_Celebrity_Map.framework */; };
/* End PBXBuildFile section */

/* Begin PBXFileReference section */
		3D3681A920D20ABA00FF5920 /* GoogleService-Info.plist */ = {isa = PBXFileReference; fileEncoding = 4; lastKnownFileType = text.plist.xml; path = "GoogleService-Info.plist"; sourceTree = "<group>"; };
		3D3A4BD320DF0DE000D68DDA /* mapRect.swift */ = {isa = PBXFileReference; lastKnownFileType = sourcecode.swift; path = mapRect.swift; sourceTree = "<group>"; };
		3D3A4BD520DF333E00D68DDA /* reportView.swift */ = {isa = PBXFileReference; lastKnownFileType = sourcecode.swift; path = reportView.swift; sourceTree = "<group>"; };
		3D579B9220D2CE69009B970C /* SubmitViewController.swift */ = {isa = PBXFileReference; lastKnownFileType = sourcecode.swift; path = SubmitViewController.swift; sourceTree = "<group>"; };
		3D59678920DAB5B3002386BB /* WebViewController.swift */ = {isa = PBXFileReference; lastKnownFileType = sourcecode.swift; path = WebViewController.swift; sourceTree = "<group>"; };
		3D59678F20DE92FC002386BB /* viewforcelebrityAnnotation.swift */ = {isa = PBXFileReference; lastKnownFileType = sourcecode.swift; path = viewforcelebrityAnnotation.swift; sourceTree = "<group>"; };
		3D6488FB20D097D100E9B886 /* ButtonClicked.swift */ = {isa = PBXFileReference; lastKnownFileType = sourcecode.swift; path = ButtonClicked.swift; sourceTree = "<group>"; };
		3D6488FD20D09E9F00E9B886 /* Celebrity.swift */ = {isa = PBXFileReference; lastKnownFileType = sourcecode.swift; path = Celebrity.swift; sourceTree = "<group>"; };
		3D67288820D5EEB3004B610D /* Main.storyboard */ = {isa = PBXFileReference; fileEncoding = 4; lastKnownFileType = file.storyboard; path = Main.storyboard; sourceTree = "<group>"; };
		3D67288A20D68A82004B610D /* BotFrame.swift */ = {isa = PBXFileReference; lastKnownFileType = sourcecode.swift; path = BotFrame.swift; sourceTree = "<group>"; };
		3D67288C20D73102004B610D /* notificationView.swift */ = {isa = PBXFileReference; lastKnownFileType = sourcecode.swift; path = notificationView.swift; sourceTree = "<group>"; };
		3D67288E20D840E0004B610D /* notifyEntry.swift */ = {isa = PBXFileReference; lastKnownFileType = sourcecode.swift; path = notifyEntry.swift; sourceTree = "<group>"; };
		3D67289020D87F96004B610D /* ShareView.swift */ = {isa = PBXFileReference; lastKnownFileType = sourcecode.swift; path = ShareView.swift; sourceTree = "<group>"; };
		3D67289220D977B7004B610D /* UIColor.swift */ = {isa = PBXFileReference; lastKnownFileType = sourcecode.swift; path = UIColor.swift; sourceTree = "<group>"; };
		3D70D2A720D589C300229C1E /* MenuBtnView.swift */ = {isa = PBXFileReference; fileEncoding = 4; lastKnownFileType = sourcecode.swift; path = MenuBtnView.swift; sourceTree = "<group>"; };
		3D7C3EA520D364B200C667CA /* Celebrity Map-Bridging-Header.h */ = {isa = PBXFileReference; lastKnownFileType = sourcecode.c.h; path = "Celebrity Map-Bridging-Header.h"; sourceTree = "<group>"; };
		3D82E3F120D07418008DD653 /* Celebrity Map.app */ = {isa = PBXFileReference; explicitFileType = wrapper.application; includeInIndex = 0; path = "Celebrity Map.app"; sourceTree = BUILT_PRODUCTS_DIR; };
		3D82E3F420D07418008DD653 /* AppDelegate.swift */ = {isa = PBXFileReference; lastKnownFileType = sourcecode.swift; path = AppDelegate.swift; sourceTree = "<group>"; };
		3D82E3F620D07418008DD653 /* WelcomeViewController.swift */ = {isa = PBXFileReference; lastKnownFileType = sourcecode.swift; path = WelcomeViewController.swift; sourceTree = "<group>"; };
		3D82E3FC20D07418008DD653 /* Celebrity_Map.xcdatamodel */ = {isa = PBXFileReference; lastKnownFileType = wrapper.xcdatamodel; path = Celebrity_Map.xcdatamodel; sourceTree = "<group>"; };
		3D82E3FE20D0741A008DD653 /* Assets.xcassets */ = {isa = PBXFileReference; lastKnownFileType = folder.assetcatalog; path = Assets.xcassets; sourceTree = "<group>"; };
		3D82E40120D0741A008DD653 /* Base */ = {isa = PBXFileReference; lastKnownFileType = file.storyboard; name = Base; path = Base.lproj/LaunchScreen.storyboard; sourceTree = "<group>"; };
		3D82E40320D0741A008DD653 /* Info.plist */ = {isa = PBXFileReference; lastKnownFileType = text.plist.xml; path = Info.plist; sourceTree = "<group>"; };
		3D82E40D20D07A1C008DD653 /* MapKit.framework */ = {isa = PBXFileReference; lastKnownFileType = wrapper.framework; name = MapKit.framework; path = System/Library/Frameworks/MapKit.framework; sourceTree = SDKROOT; };
		3D82E40F20D07B3C008DD653 /* CoreLocation.framework */ = {isa = PBXFileReference; lastKnownFileType = wrapper.framework; name = CoreLocation.framework; path = System/Library/Frameworks/CoreLocation.framework; sourceTree = SDKROOT; };
		8F11D5D9D077B5D6E7F49A86 /* Pods-Celebrity Map.release.xcconfig */ = {isa = PBXFileReference; includeInIndex = 1; lastKnownFileType = text.xcconfig; name = "Pods-Celebrity Map.release.xcconfig"; path = "Pods/Target Support Files/Pods-Celebrity Map/Pods-Celebrity Map.release.xcconfig"; sourceTree = "<group>"; };
		A8AB3DA0772F5D479AE7CE79 /* Pods_Celebrity_Map.framework */ = {isa = PBXFileReference; explicitFileType = wrapper.framework; includeInIndex = 0; path = Pods_Celebrity_Map.framework; sourceTree = BUILT_PRODUCTS_DIR; };
		CF0101CEFA53A5E5F6AF132A /* Pods-Celebrity Map.debug.xcconfig */ = {isa = PBXFileReference; includeInIndex = 1; lastKnownFileType = text.xcconfig; name = "Pods-Celebrity Map.debug.xcconfig"; path = "Pods/Target Support Files/Pods-Celebrity Map/Pods-Celebrity Map.debug.xcconfig"; sourceTree = "<group>"; };
/* End PBXFileReference section */

/* Begin PBXFrameworksBuildPhase section */
		3D82E3EE20D07418008DD653 /* Frameworks */ = {
			isa = PBXFrameworksBuildPhase;
			buildActionMask = 2147483647;
			files = (
				3D82E41020D07B3C008DD653 /* CoreLocation.framework in Frameworks */,
				3D82E40E20D07A1C008DD653 /* MapKit.framework in Frameworks */,
				F93F37965A4C06FB9CF56D9A /* Pods_Celebrity_Map.framework in Frameworks */,
			);
			runOnlyForDeploymentPostprocessing = 0;
		};
/* End PBXFrameworksBuildPhase section */

/* Begin PBXGroup section */
		3D6488FA20D097BA00E9B886 /* Extentions */ = {
			isa = PBXGroup;
			children = (
				3D6488FB20D097D100E9B886 /* ButtonClicked.swift */,
				3D6488FD20D09E9F00E9B886 /* Celebrity.swift */,
				3D67288A20D68A82004B610D /* BotFrame.swift */,
				3D67288C20D73102004B610D /* notificationView.swift */,
				3D67288E20D840E0004B610D /* notifyEntry.swift */,
				3D67289020D87F96004B610D /* ShareView.swift */,
				3D67289220D977B7004B610D /* UIColor.swift */,
				3D59678F20DE92FC002386BB /* viewforcelebrityAnnotation.swift */,
				3D3A4BD320DF0DE000D68DDA /* mapRect.swift */,
			);
			path = Extentions;
			sourceTree = "<group>";
		};
		3D7C3E9E20D3617600C667CA /* Support Files */ = {
			isa = PBXGroup;
			children = (
				3D70D2A720D589C300229C1E /* MenuBtnView.swift */,
				3D7C3EA520D364B200C667CA /* Celebrity Map-Bridging-Header.h */,
			);
			path = "Support Files";
			sourceTree = "<group>";
		};
		3D82E3E820D07418008DD653 = {
			isa = PBXGroup;
			children = (
				3D82E3F320D07418008DD653 /* Celebrity Map */,
				3D82E3F220D07418008DD653 /* Products */,
				3D7C3E9E20D3617600C667CA /* Support Files */,
				3D82E40C20D07A1C008DD653 /* Frameworks */,
				8904F08982169E01FE4F2343 /* Pods */,
			);
			sourceTree = "<group>";
		};
		3D82E3F220D07418008DD653 /* Products */ = {
			isa = PBXGroup;
			children = (
				3D82E3F120D07418008DD653 /* Celebrity Map.app */,
			);
			name = Products;
			sourceTree = "<group>";
		};
		3D82E3F320D07418008DD653 /* Celebrity Map */ = {
			isa = PBXGroup;
			children = (
				3D6488FA20D097BA00E9B886 /* Extentions */,
				3D82E40B20D07455008DD653 /* Model */,
				3D82E40A20D07453008DD653 /* View */,
				3D82E40920D0744F008DD653 /* Controller */,
				3D82E3F420D07418008DD653 /* AppDelegate.swift */,
				3D82E3FE20D0741A008DD653 /* Assets.xcassets */,
				3D82E40020D0741A008DD653 /* LaunchScreen.storyboard */,
				3D82E40320D0741A008DD653 /* Info.plist */,
				3D3681A920D20ABA00FF5920 /* GoogleService-Info.plist */,
				3D82E3FB20D07418008DD653 /* Celebrity_Map.xcdatamodeld */,
			);
			path = "Celebrity Map";
			sourceTree = "<group>";
		};
		3D82E40920D0744F008DD653 /* Controller */ = {
			isa = PBXGroup;
			children = (
				3D82E3F620D07418008DD653 /* WelcomeViewController.swift */,
				3D579B9220D2CE69009B970C /* SubmitViewController.swift */,
				3D59678920DAB5B3002386BB /* WebViewController.swift */,
			);
			path = Controller;
			sourceTree = "<group>";
		};
		3D82E40A20D07453008DD653 /* View */ = {
			isa = PBXGroup;
			children = (
				3D67288820D5EEB3004B610D /* Main.storyboard */,
				3D3A4BD520DF333E00D68DDA /* reportView.swift */,
			);
			path = View;
			sourceTree = "<group>";
		};
		3D82E40B20D07455008DD653 /* Model */ = {
			isa = PBXGroup;
			children = (
			);
			path = Model;
			sourceTree = "<group>";
		};
		3D82E40C20D07A1C008DD653 /* Frameworks */ = {
			isa = PBXGroup;
			children = (
				3D82E40F20D07B3C008DD653 /* CoreLocation.framework */,
				3D82E40D20D07A1C008DD653 /* MapKit.framework */,
				A8AB3DA0772F5D479AE7CE79 /* Pods_Celebrity_Map.framework */,
			);
			name = Frameworks;
			sourceTree = "<group>";
		};
		8904F08982169E01FE4F2343 /* Pods */ = {
			isa = PBXGroup;
			children = (
				CF0101CEFA53A5E5F6AF132A /* Pods-Celebrity Map.debug.xcconfig */,
				8F11D5D9D077B5D6E7F49A86 /* Pods-Celebrity Map.release.xcconfig */,
			);
			name = Pods;
			sourceTree = "<group>";
		};
/* End PBXGroup section */

/* Begin PBXNativeTarget section */
		3D82E3F020D07418008DD653 /* Celebrity Map */ = {
			isa = PBXNativeTarget;
			buildConfigurationList = 3D82E40620D0741A008DD653 /* Build configuration list for PBXNativeTarget "Celebrity Map" */;
			buildPhases = (
				4E723230A56577BC25E4C94B /* [CP] Check Pods Manifest.lock */,
				3D82E3ED20D07418008DD653 /* Sources */,
				3D82E3EE20D07418008DD653 /* Frameworks */,
				3D82E3EF20D07418008DD653 /* Resources */,
				5CE011FDEB7DF9CB2E7886EF /* [CP] Embed Pods Frameworks */,
			);
			buildRules = (
			);
			dependencies = (
			);
			name = "Celebrity Map";
			productName = "Celebrity Map";
			productReference = 3D82E3F120D07418008DD653 /* Celebrity Map.app */;
			productType = "com.apple.product-type.application";
		};
/* End PBXNativeTarget section */

/* Begin PBXProject section */
		3D82E3E920D07418008DD653 /* Project object */ = {
			isa = PBXProject;
			attributes = {
				LastSwiftUpdateCheck = 0930;
				LastUpgradeCheck = 0930;
				ORGANIZATIONNAME = "Yinpeng Chen";
				TargetAttributes = {
					3D82E3F020D07418008DD653 = {
						CreatedOnToolsVersion = 9.3;
						LastSwiftMigration = 0930;
						SystemCapabilities = {
							com.apple.Maps.iOS = {
								enabled = 1;
							};
						};
					};
				};
			};
			buildConfigurationList = 3D82E3EC20D07418008DD653 /* Build configuration list for PBXProject "Celebrity Map" */;
			compatibilityVersion = "Xcode 9.3";
			developmentRegion = en;
			hasScannedForEncodings = 0;
			knownRegions = (
				en,
				Base,
			);
			mainGroup = 3D82E3E820D07418008DD653;
			productRefGroup = 3D82E3F220D07418008DD653 /* Products */;
			projectDirPath = "";
			projectRoot = "";
			targets = (
				3D82E3F020D07418008DD653 /* Celebrity Map */,
			);
		};
/* End PBXProject section */

/* Begin PBXResourcesBuildPhase section */
		3D82E3EF20D07418008DD653 /* Resources */ = {
			isa = PBXResourcesBuildPhase;
			buildActionMask = 2147483647;
			files = (
				3D82E40220D0741A008DD653 /* LaunchScreen.storyboard in Resources */,
				3D3681AA20D20ABA00FF5920 /* GoogleService-Info.plist in Resources */,
				3D67288920D5EEB3004B610D /* Main.storyboard in Resources */,
				3D82E3FF20D0741A008DD653 /* Assets.xcassets in Resources */,
			);
			runOnlyForDeploymentPostprocessing = 0;
		};
/* End PBXResourcesBuildPhase section */

/* Begin PBXShellScriptBuildPhase section */
		4E723230A56577BC25E4C94B /* [CP] Check Pods Manifest.lock */ = {
			isa = PBXShellScriptBuildPhase;
			buildActionMask = 2147483647;
			files = (
			);
			inputPaths = (
				"${PODS_PODFILE_DIR_PATH}/Podfile.lock",
				"${PODS_ROOT}/Manifest.lock",
			);
			name = "[CP] Check Pods Manifest.lock";
			outputPaths = (
				"$(DERIVED_FILE_DIR)/Pods-Celebrity Map-checkManifestLockResult.txt",
			);
			runOnlyForDeploymentPostprocessing = 0;
			shellPath = /bin/sh;
			shellScript = "diff \"${PODS_PODFILE_DIR_PATH}/Podfile.lock\" \"${PODS_ROOT}/Manifest.lock\" > /dev/null\nif [ $? != 0 ] ; then\n    # print error to STDERR\n    echo \"error: The sandbox is not in sync with the Podfile.lock. Run 'pod install' or update your CocoaPods installation.\" >&2\n    exit 1\nfi\n# This output is used by Xcode 'outputs' to avoid re-running this script phase.\necho \"SUCCESS\" > \"${SCRIPT_OUTPUT_FILE_0}\"\n";
			showEnvVarsInLog = 0;
		};
		5CE011FDEB7DF9CB2E7886EF /* [CP] Embed Pods Frameworks */ = {
			isa = PBXShellScriptBuildPhase;
			buildActionMask = 2147483647;
			files = (
			);
			inputPaths = (
				"${SRCROOT}/Pods/Target Support Files/Pods-Celebrity Map/Pods-Celebrity Map-frameworks.sh",
				"${BUILT_PRODUCTS_DIR}/Alamofire/Alamofire.framework",
				"${BUILT_PRODUCTS_DIR}/Dropdowns/Dropdowns.framework",
				"${BUILT_PRODUCTS_DIR}/GoogleToolboxForMac/GoogleToolboxForMac.framework",
				"${BUILT_PRODUCTS_DIR}/RKDropdownAlert/RKDropdownAlert.framework",
				"${BUILT_PRODUCTS_DIR}/SVProgressHUD/SVProgressHUD.framework",
				"${BUILT_PRODUCTS_DIR}/SwiftyJSON/SwiftyJSON.framework",
				"${BUILT_PRODUCTS_DIR}/leveldb-library/leveldb.framework",
				"${BUILT_PRODUCTS_DIR}/nanopb/nanopb.framework",
			);
			name = "[CP] Embed Pods Frameworks";
			outputPaths = (
				"${TARGET_BUILD_DIR}/${FRAMEWORKS_FOLDER_PATH}/Alamofire.framework",
				"${TARGET_BUILD_DIR}/${FRAMEWORKS_FOLDER_PATH}/Dropdowns.framework",
				"${TARGET_BUILD_DIR}/${FRAMEWORKS_FOLDER_PATH}/GoogleToolboxForMac.framework",
				"${TARGET_BUILD_DIR}/${FRAMEWORKS_FOLDER_PATH}/RKDropdownAlert.framework",
				"${TARGET_BUILD_DIR}/${FRAMEWORKS_FOLDER_PATH}/SVProgressHUD.framework",
				"${TARGET_BUILD_DIR}/${FRAMEWORKS_FOLDER_PATH}/SwiftyJSON.framework",
				"${TARGET_BUILD_DIR}/${FRAMEWORKS_FOLDER_PATH}/leveldb.framework",
				"${TARGET_BUILD_DIR}/${FRAMEWORKS_FOLDER_PATH}/nanopb.framework",
			);
			runOnlyForDeploymentPostprocessing = 0;
			shellPath = /bin/sh;
			shellScript = "\"${SRCROOT}/Pods/Target Support Files/Pods-Celebrity Map/Pods-Celebrity Map-frameworks.sh\"\n";
			showEnvVarsInLog = 0;
		};
/* End PBXShellScriptBuildPhase section */

/* Begin PBXSourcesBuildPhase section */
		3D82E3ED20D07418008DD653 /* Sources */ = {
			isa = PBXSourcesBuildPhase;
			buildActionMask = 2147483647;
			files = (
				3D67289120D87F96004B610D /* ShareView.swift in Sources */,
				3D70D2A820D589C400229C1E /* MenuBtnView.swift in Sources */,
				3D3A4BD620DF333E00D68DDA /* reportView.swift in Sources */,
				3D82E3F720D07418008DD653 /* WelcomeViewController.swift in Sources */,
				3D3A4BD420DF0DE000D68DDA /* mapRect.swift in Sources */,
				3D6488FC20D097D100E9B886 /* ButtonClicked.swift in Sources */,
				3D6488FE20D09E9F00E9B886 /* Celebrity.swift in Sources */,
				3D82E3F520D07418008DD653 /* AppDelegate.swift in Sources */,
				3D67288B20D68A82004B610D /* BotFrame.swift in Sources */,
				3D579B9320D2CE69009B970C /* SubmitViewController.swift in Sources */,
				3D67288D20D73102004B610D /* notificationView.swift in Sources */,
				3D67289320D977B7004B610D /* UIColor.swift in Sources */,
				3D59678A20DAB5B3002386BB /* WebViewController.swift in Sources */,
				3D67288F20D840E0004B610D /* notifyEntry.swift in Sources */,
				3D82E3FD20D07418008DD653 /* Celebrity_Map.xcdatamodeld in Sources */,
				3D59679020DE92FC002386BB /* viewforcelebrityAnnotation.swift in Sources */,
			);
			runOnlyForDeploymentPostprocessing = 0;
		};
/* End PBXSourcesBuildPhase section */

/* Begin PBXVariantGroup section */
		3D82E40020D0741A008DD653 /* LaunchScreen.storyboard */ = {
			isa = PBXVariantGroup;
			children = (
				3D82E40120D0741A008DD653 /* Base */,
			);
			name = LaunchScreen.storyboard;
			sourceTree = "<group>";
		};
/* End PBXVariantGroup section */

/* Begin XCBuildConfiguration section */
		3D82E40420D0741A008DD653 /* Debug */ = {
			isa = XCBuildConfiguration;
			buildSettings = {
				ALWAYS_SEARCH_USER_PATHS = NO;
				CLANG_ANALYZER_NONNULL = YES;
				CLANG_ANALYZER_NUMBER_OBJECT_CONVERSION = YES_AGGRESSIVE;
				CLANG_CXX_LANGUAGE_STANDARD = "gnu++14";
				CLANG_CXX_LIBRARY = "libc++";
				CLANG_ENABLE_MODULES = YES;
				CLANG_ENABLE_OBJC_ARC = YES;
				CLANG_ENABLE_OBJC_WEAK = YES;
				CLANG_WARN_BLOCK_CAPTURE_AUTORELEASING = YES;
				CLANG_WARN_BOOL_CONVERSION = YES;
				CLANG_WARN_COMMA = YES;
				CLANG_WARN_CONSTANT_CONVERSION = YES;
				CLANG_WARN_DEPRECATED_OBJC_IMPLEMENTATIONS = YES;
				CLANG_WARN_DIRECT_OBJC_ISA_USAGE = YES_ERROR;
				CLANG_WARN_DOCUMENTATION_COMMENTS = YES;
				CLANG_WARN_EMPTY_BODY = YES;
				CLANG_WARN_ENUM_CONVERSION = YES;
				CLANG_WARN_INFINITE_RECURSION = YES;
				CLANG_WARN_INT_CONVERSION = YES;
				CLANG_WARN_NON_LITERAL_NULL_CONVERSION = YES;
				CLANG_WARN_OBJC_IMPLICIT_RETAIN_SELF = YES;
				CLANG_WARN_OBJC_LITERAL_CONVERSION = YES;
				CLANG_WARN_OBJC_ROOT_CLASS = YES_ERROR;
				CLANG_WARN_RANGE_LOOP_ANALYSIS = YES;
				CLANG_WARN_STRICT_PROTOTYPES = YES;
				CLANG_WARN_SUSPICIOUS_MOVE = YES;
				CLANG_WARN_UNGUARDED_AVAILABILITY = YES_AGGRESSIVE;
				CLANG_WARN_UNREACHABLE_CODE = YES;
				CLANG_WARN__DUPLICATE_METHOD_MATCH = YES;
				CODE_SIGN_IDENTITY = "iPhone Developer";
				COPY_PHASE_STRIP = NO;
				DEBUG_INFORMATION_FORMAT = dwarf;
				ENABLE_STRICT_OBJC_MSGSEND = YES;
				ENABLE_TESTABILITY = YES;
				GCC_C_LANGUAGE_STANDARD = gnu11;
				GCC_DYNAMIC_NO_PIC = NO;
				GCC_NO_COMMON_BLOCKS = YES;
				GCC_OPTIMIZATION_LEVEL = 0;
				GCC_PREPROCESSOR_DEFINITIONS = (
					"DEBUG=1",
					"$(inherited)",
				);
				GCC_WARN_64_TO_32_BIT_CONVERSION = YES;
				GCC_WARN_ABOUT_RETURN_TYPE = YES_ERROR;
				GCC_WARN_UNDECLARED_SELECTOR = YES;
				GCC_WARN_UNINITIALIZED_AUTOS = YES_AGGRESSIVE;
				GCC_WARN_UNUSED_FUNCTION = YES;
				GCC_WARN_UNUSED_VARIABLE = YES;
				IPHONEOS_DEPLOYMENT_TARGET = 11.3;
				MTL_ENABLE_DEBUG_INFO = YES;
				ONLY_ACTIVE_ARCH = YES;
				SDKROOT = iphoneos;
				SWIFT_ACTIVE_COMPILATION_CONDITIONS = DEBUG;
				SWIFT_OPTIMIZATION_LEVEL = "-Onone";
			};
			name = Debug;
		};
		3D82E40520D0741A008DD653 /* Release */ = {
			isa = XCBuildConfiguration;
			buildSettings = {
				ALWAYS_SEARCH_USER_PATHS = NO;
				CLANG_ANALYZER_NONNULL = YES;
				CLANG_ANALYZER_NUMBER_OBJECT_CONVERSION = YES_AGGRESSIVE;
				CLANG_CXX_LANGUAGE_STANDARD = "gnu++14";
				CLANG_CXX_LIBRARY = "libc++";
				CLANG_ENABLE_MODULES = YES;
				CLANG_ENABLE_OBJC_ARC = YES;
				CLANG_ENABLE_OBJC_WEAK = YES;
				CLANG_WARN_BLOCK_CAPTURE_AUTORELEASING = YES;
				CLANG_WARN_BOOL_CONVERSION = YES;
				CLANG_WARN_COMMA = YES;
				CLANG_WARN_CONSTANT_CONVERSION = YES;
				CLANG_WARN_DEPRECATED_OBJC_IMPLEMENTATIONS = YES;
				CLANG_WARN_DIRECT_OBJC_ISA_USAGE = YES_ERROR;
				CLANG_WARN_DOCUMENTATION_COMMENTS = YES;
				CLANG_WARN_EMPTY_BODY = YES;
				CLANG_WARN_ENUM_CONVERSION = YES;
				CLANG_WARN_INFINITE_RECURSION = YES;
				CLANG_WARN_INT_CONVERSION = YES;
				CLANG_WARN_NON_LITERAL_NULL_CONVERSION = YES;
				CLANG_WARN_OBJC_IMPLICIT_RETAIN_SELF = YES;
				CLANG_WARN_OBJC_LITERAL_CONVERSION = YES;
				CLANG_WARN_OBJC_ROOT_CLASS = YES_ERROR;
				CLANG_WARN_RANGE_LOOP_ANALYSIS = YES;
				CLANG_WARN_STRICT_PROTOTYPES = YES;
				CLANG_WARN_SUSPICIOUS_MOVE = YES;
				CLANG_WARN_UNGUARDED_AVAILABILITY = YES_AGGRESSIVE;
				CLANG_WARN_UNREACHABLE_CODE = YES;
				CLANG_WARN__DUPLICATE_METHOD_MATCH = YES;
				CODE_SIGN_IDENTITY = "iPhone Developer";
				COPY_PHASE_STRIP = NO;
				DEBUG_INFORMATION_FORMAT = "dwarf-with-dsym";
				ENABLE_NS_ASSERTIONS = NO;
				ENABLE_STRICT_OBJC_MSGSEND = YES;
				GCC_C_LANGUAGE_STANDARD = gnu11;
				GCC_NO_COMMON_BLOCKS = YES;
				GCC_WARN_64_TO_32_BIT_CONVERSION = YES;
				GCC_WARN_ABOUT_RETURN_TYPE = YES_ERROR;
				GCC_WARN_UNDECLARED_SELECTOR = YES;
				GCC_WARN_UNINITIALIZED_AUTOS = YES_AGGRESSIVE;
				GCC_WARN_UNUSED_FUNCTION = YES;
				GCC_WARN_UNUSED_VARIABLE = YES;
				IPHONEOS_DEPLOYMENT_TARGET = 11.3;
				MTL_ENABLE_DEBUG_INFO = NO;
				SDKROOT = iphoneos;
				SWIFT_COMPILATION_MODE = wholemodule;
				SWIFT_OPTIMIZATION_LEVEL = "-O";
				VALIDATE_PRODUCT = YES;
			};
			name = Release;
		};
		3D82E40720D0741A008DD653 /* Debug */ = {
			isa = XCBuildConfiguration;
			baseConfigurationReference = CF0101CEFA53A5E5F6AF132A /* Pods-Celebrity Map.debug.xcconfig */;
			buildSettings = {
				ASSETCATALOG_COMPILER_APPICON_NAME = AppIcon;
				CLANG_ENABLE_MODULES = YES;
				CODE_SIGN_STYLE = Automatic;
				DEVELOPMENT_TEAM = 7WT85VGQ9M;
				INFOPLIST_FILE = "Celebrity Map/Info.plist";
				IPHONEOS_DEPLOYMENT_TARGET = 11.0;
				LD_RUNPATH_SEARCH_PATHS = (
					"$(inherited)",
					"@executable_path/Frameworks",
				);
				PRODUCT_BUNDLE_IDENTIFIER = "com.yinpeng.Celebrity-Map";
				PRODUCT_NAME = "$(TARGET_NAME)";
				SWIFT_OBJC_BRIDGING_HEADER = "Support Files/Celebrity Map-Bridging-Header.h";
				SWIFT_OPTIMIZATION_LEVEL = "-Onone";
				SWIFT_VERSION = 4.0;
				TARGETED_DEVICE_FAMILY = 1;
			};
			name = Debug;
		};
		3D82E40820D0741A008DD653 /* Release */ = {
			isa = XCBuildConfiguration;
			baseConfigurationReference = 8F11D5D9D077B5D6E7F49A86 /* Pods-Celebrity Map.release.xcconfig */;
			buildSettings = {
				ASSETCATALOG_COMPILER_APPICON_NAME = AppIcon;
				CLANG_ENABLE_MODULES = YES;
				CODE_SIGN_STYLE = Automatic;
				DEVELOPMENT_TEAM = 7WT85VGQ9M;
				INFOPLIST_FILE = "Celebrity Map/Info.plist";
				IPHONEOS_DEPLOYMENT_TARGET = 11.0;
				LD_RUNPATH_SEARCH_PATHS = (
					"$(inherited)",
					"@executable_path/Frameworks",
				);
				PRODUCT_BUNDLE_IDENTIFIER = "com.yinpeng.Celebrity-Map";
				PRODUCT_NAME = "$(TARGET_NAME)";
				SWIFT_OBJC_BRIDGING_HEADER = "Support Files/Celebrity Map-Bridging-Header.h";
				SWIFT_VERSION = 4.0;
				TARGETED_DEVICE_FAMILY = 1;
			};
			name = Release;
		};
/* End XCBuildConfiguration section */

/* Begin XCConfigurationList section */
		3D82E3EC20D07418008DD653 /* Build configuration list for PBXProject "Celebrity Map" */ = {
			isa = XCConfigurationList;
			buildConfigurations = (
				3D82E40420D0741A008DD653 /* Debug */,
				3D82E40520D0741A008DD653 /* Release */,
			);
			defaultConfigurationIsVisible = 0;
			defaultConfigurationName = Release;
		};
		3D82E40620D0741A008DD653 /* Build configuration list for PBXNativeTarget "Celebrity Map" */ = {
			isa = XCConfigurationList;
			buildConfigurations = (
				3D82E40720D0741A008DD653 /* Debug */,
				3D82E40820D0741A008DD653 /* Release */,
			);
			defaultConfigurationIsVisible = 0;
			defaultConfigurationName = Release;
		};
/* End XCConfigurationList section */

/* Begin XCVersionGroup section */
		3D82E3FB20D07418008DD653 /* Celebrity_Map.xcdatamodeld */ = {
			isa = XCVersionGroup;
			children = (
				3D82E3FC20D07418008DD653 /* Celebrity_Map.xcdatamodel */,
			);
			currentVersion = 3D82E3FC20D07418008DD653 /* Celebrity_Map.xcdatamodel */;
			path = Celebrity_Map.xcdatamodeld;
			sourceTree = "<group>";
			versionGroupType = wrapper.xcdatamodel;
		};
/* End XCVersionGroup section */
	};
	rootObject = 3D82E3E920D07418008DD653 /* Project object */;
}
